
Microsoft Visual Studio Solution File, Format Version 12.00
# Visual Studio 15
VisualStudioVersion = 15.0.27703.2042
MinimumVisualStudioVersion = 10.0.40219.1
Project("{888888A0-9F3D-457C-B088-3A5042F75D52}") = "Project-Atlas", "Project-Atlas\Project-Atlas.pyproj", "{C028087B-F8F6-4B33-B230-C860073E321A}"
EndProject
Global
	GlobalSection(SolutionConfigurationPlatforms) = preSolution
		Debug|Any CPU = Debug|Any CPU
		Release|Any CPU = Release|Any CPU
	EndGlobalSection
	GlobalSection(ProjectConfigurationPlatforms) = postSolution
		{C028087B-F8F6-4B33-B230-C860073E321A}.Debug|Any CPU.ActiveCfg = Debug|Any CPU
		{C028087B-F8F6-4B33-B230-C860073E321A}.Debug|Any CPU.Build.0 = Debug|Any CPU
		{C028087B-F8F6-4B33-B230-C860073E321A}.Release|Any CPU.ActiveCfg = Release|Any CPU
		{C028087B-F8F6-4B33-B230-C860073E321A}.Release|Any CPU.Build.0 = Release|Any CPU
	EndGlobalSection
	GlobalSection(SolutionProperties) = preSolution
		HideSolutionNode = FALSE
	EndGlobalSection
	GlobalSection(ExtensibilityGlobals) = postSolution
		SolutionGuid = {8F4562E3-D8C6-4919-8B93-C377B6A7CCBB}
	EndGlobalSection
EndGlobal
